
Microsoft Visual Studio Solution File, Format Version 12.00
# Visual Studio Version 17
VisualStudioVersion = 17.2.32519.379
MinimumVisualStudioVersion = 10.0.40219.1
Project("{9A19103F-16F7-4668-BE54-9A1E7A4F7556}") = "Insuranceissuing", "Insuranceissuing\Insuranceissuing.csproj", "{7ECC793C-4FD6-463B-AEAC-FA6BBCC6C43A}"
EndProject
Global
	GlobalSection(SolutionConfigurationPlatforms) = preSolution
		Debug|Any CPU = Debug|Any CPU
		Release|Any CPU = Release|Any CPU
	EndGlobalSection
	GlobalSection(ProjectConfigurationPlatforms) = postSolution
		{7ECC793C-4FD6-463B-AEAC-FA6BBCC6C43A}.Debug|Any CPU.ActiveCfg = Debug|Any CPU
		{7ECC793C-4FD6-463B-AEAC-FA6BBCC6C43A}.Debug|Any CPU.Build.0 = Debug|Any CPU
		{7ECC793C-4FD6-463B-AEAC-FA6BBCC6C43A}.Release|Any CPU.ActiveCfg = Release|Any CPU
		{7ECC793C-4FD6-463B-AEAC-FA6BBCC6C43A}.Release|Any CPU.Build.0 = Release|Any CPU
	EndGlobalSection
	GlobalSection(SolutionProperties) = preSolution
		HideSolutionNode = FALSE
	EndGlobalSection
	GlobalSection(ExtensibilityGlobals) = postSolution
		SolutionGuid = {9EAD2140-8435-44CF-93A0-40DD07B7F71C}
	EndGlobalSection
EndGlobal
